
Microsoft Visual Studio Solution File, Format Version 12.00
# Visual Studio 15
VisualStudioVersion = 15.0.27004.2009
MinimumVisualStudioVersion = 10.0.40219.1
Project("{FAE04EC0-301F-11D3-BF4B-00C04F79EFBC}") = "PhotonTorpedo.CmdLine", "PhotonTorpedo.CmdLine\PhotonTorpedo.CmdLine.csproj", "{3C3FD3C8-9A12-4F41-A6A9-2EC3151C0993}"
EndProject
Project("{FAE04EC0-301F-11D3-BF4B-00C04F79EFBC}") = "PhotonTorpedo.WebClient", "PhotonTorpedo.WebClient\PhotonTorpedo.WebClient.csproj", "{0D6C425D-2BDD-4836-B16D-76C59C50E787}"
EndProject
Global
	GlobalSection(SolutionConfigurationPlatforms) = preSolution
		Debug|Any CPU = Debug|Any CPU
		Release|Any CPU = Release|Any CPU
	EndGlobalSection
	GlobalSection(ProjectConfigurationPlatforms) = postSolution
		{3C3FD3C8-9A12-4F41-A6A9-2EC3151C0993}.Debug|Any CPU.ActiveCfg = Debug|Any CPU
		{3C3FD3C8-9A12-4F41-A6A9-2EC3151C0993}.Debug|Any CPU.Build.0 = Debug|Any CPU
		{3C3FD3C8-9A12-4F41-A6A9-2EC3151C0993}.Release|Any CPU.ActiveCfg = Release|Any CPU
		{3C3FD3C8-9A12-4F41-A6A9-2EC3151C0993}.Release|Any CPU.Build.0 = Release|Any CPU
		{0D6C425D-2BDD-4836-B16D-76C59C50E787}.Debug|Any CPU.ActiveCfg = Debug|Any CPU
		{0D6C425D-2BDD-4836-B16D-76C59C50E787}.Debug|Any CPU.Build.0 = Debug|Any CPU
		{0D6C425D-2BDD-4836-B16D-76C59C50E787}.Release|Any CPU.ActiveCfg = Release|Any CPU
		{0D6C425D-2BDD-4836-B16D-76C59C50E787}.Release|Any CPU.Build.0 = Release|Any CPU
	EndGlobalSection
	GlobalSection(SolutionProperties) = preSolution
		HideSolutionNode = FALSE
	EndGlobalSection
	GlobalSection(ExtensibilityGlobals) = postSolution
		SolutionGuid = {F2A1D115-DD5D-46A0-87F2-D705C88E3050}
	EndGlobalSection
EndGlobal
